
Microsoft Visual Studio Solution File, Format Version 12.00
# Visual Studio Version 16
VisualStudioVersion = 16.0.30225.117
MinimumVisualStudioVersion = 10.0.40219.1
Project("{FAE04EC0-301F-11D3-BF4B-00C04F79EFBC}") = "JuegoRPG", "JuegoRPG.csproj", "{0711E372-D990-42B4-8E17-C2F77658347F}"
EndProject
Global
	GlobalSection(SolutionConfigurationPlatforms) = preSolution
		Debug|Any CPU = Debug|Any CPU
		Release|Any CPU = Release|Any CPU
	EndGlobalSection
	GlobalSection(ProjectConfigurationPlatforms) = postSolution
		{0711E372-D990-42B4-8E17-C2F77658347F}.Debug|Any CPU.ActiveCfg = Debug|Any CPU
		{0711E372-D990-42B4-8E17-C2F77658347F}.Debug|Any CPU.Build.0 = Debug|Any CPU
		{0711E372-D990-42B4-8E17-C2F77658347F}.Release|Any CPU.ActiveCfg = Release|Any CPU
		{0711E372-D990-42B4-8E17-C2F77658347F}.Release|Any CPU.Build.0 = Release|Any CPU
	EndGlobalSection
	GlobalSection(SolutionProperties) = preSolution
		HideSolutionNode = FALSE
	EndGlobalSection
	GlobalSection(ExtensibilityGlobals) = postSolution
		SolutionGuid = {97FDA5F9-7CF6-4685-AFD0-4AF018050CE5}
	EndGlobalSection
EndGlobal
